
Microsoft Visual Studio Solution File, Format Version 12.00
# Visual Studio 2013
VisualStudioVersion = 12.0.40629.0
MinimumVisualStudioVersion = 10.0.40219.1
Project("{FAE04EC0-301F-11D3-BF4B-00C04F79EFBC}") = "Northwind1", "Northwind1\Northwind1.csproj", "{56CCC403-06F2-44F6-B00A-6616B03557AF}"
EndProject
Global
	GlobalSection(SolutionConfigurationPlatforms) = preSolution
		Debug|Any CPU = Debug|Any CPU
		Release|Any CPU = Release|Any CPU
	EndGlobalSection
	GlobalSection(ProjectConfigurationPlatforms) = postSolution
		{56CCC403-06F2-44F6-B00A-6616B03557AF}.Debug|Any CPU.ActiveCfg = Debug|Any CPU
		{56CCC403-06F2-44F6-B00A-6616B03557AF}.Debug|Any CPU.Build.0 = Debug|Any CPU
		{56CCC403-06F2-44F6-B00A-6616B03557AF}.Release|Any CPU.ActiveCfg = Release|Any CPU
		{56CCC403-06F2-44F6-B00A-6616B03557AF}.Release|Any CPU.Build.0 = Release|Any CPU
	EndGlobalSection
	GlobalSection(SolutionProperties) = preSolution
		HideSolutionNode = FALSE
	EndGlobalSection
EndGlobal
